
Microsoft Visual Studio Solution File, Format Version 12.00
# Visual Studio Version 16
VisualStudioVersion = 16.0.32929.386
MinimumVisualStudioVersion = 10.0.40219.1
Project("{FAE04EC0-301F-11D3-BF4B-00C04F79EFBC}") = "AracKiralamaOtomasyonu1", "AracKiralamaOtomasyonu1\AracKiralamaOtomasyonu1.csproj", "{69113FE5-2B8E-4E8B-80E9-D594CA1DC2DA}"
EndProject
Global
	GlobalSection(SolutionConfigurationPlatforms) = preSolution
		Debug|Any CPU = Debug|Any CPU
		Release|Any CPU = Release|Any CPU
	EndGlobalSection
	GlobalSection(ProjectConfigurationPlatforms) = postSolution
		{69113FE5-2B8E-4E8B-80E9-D594CA1DC2DA}.Debug|Any CPU.ActiveCfg = Debug|Any CPU
		{69113FE5-2B8E-4E8B-80E9-D594CA1DC2DA}.Debug|Any CPU.Build.0 = Debug|Any CPU
		{69113FE5-2B8E-4E8B-80E9-D594CA1DC2DA}.Release|Any CPU.ActiveCfg = Release|Any CPU
		{69113FE5-2B8E-4E8B-80E9-D594CA1DC2DA}.Release|Any CPU.Build.0 = Release|Any CPU
	EndGlobalSection
	GlobalSection(SolutionProperties) = preSolution
		HideSolutionNode = FALSE
	EndGlobalSection
	GlobalSection(ExtensibilityGlobals) = postSolution
		SolutionGuid = {C8BB79B4-2B2D-441E-B3BE-6ABB1B1FA439}
	EndGlobalSection
EndGlobal
